github.com/davecgh/go-spew v1.1.1 h1:vj9j/u1bqnvCEfJOwUhtlOARqs3+rkHYY13jYWTU97c=
github.com/davecgh/go-spew v1.1.1/go.mod h1:J7Y8YcW2NihsgmVo/mv3lAwl/skON4iLHjSsI+c5H38=
github.com/gtyrin/go-collection v0.0.0-20210607072902-14ab88717c56/go.mod h1:iY2QPhJbc566jJii+DYH36uhh9Q6W3bQdJ4TG2GsonE=
github.com/gtyrin/go-collection v0.0.1 h1:NHos9fk3ZrrSZFsB3PvGCIq/9w30q7pP/Yn2nvr1OLk=
github.com/gtyrin/go-collection v0.0.1/go.mod h1:iY2QPhJbc566jJii+DYH36uhh9Q6W3bQdJ4TG2GsonE=
github.com/gtyrin/go-intutils v0.0.0-20210607073946-2a3c93673c60/go.mod h1:3fkjdaBxdPTIJdRwPwEvld6x4pHgE5foNCBrqcXssk8=
github.com/gtyrin/go-intutils v0.0.1 h1:VXrDw1tZFW8mKbxmCfACQsEqaS/38mFbIO9HAcIR4D4=
github.com/gtyrin/go-intutils v0.0.1/go.mod h1:3fkjdaBxdPTIJdRwPwEvld6x4pHgE5foNCBrqcXssk8=
github.com/gtyrin/go-service v0.0.2 h1:qPVcdOJ/0Q2TWd/w9I9Vx8+61iBtDZbsb1czPjENYCg=
github.com/gtyrin/go-service v0.0.2/go.mod h1:d7WDVo2v8PliKVDs2nOrEVs+nqx+5B7O5tnCpj5cTpc=
github.com/gtyrin/go-stringutils v0.0.0-20210607110724-042584dd90d8/go.mod h1:gxuUqRjlJn+5wFkBfGt9NwOjAKBGS8P2N3lQDEwXvkU=
github.com/gtyrin/go-stringutils v0.0.1 h1:O50secvAOUb1SSIaFUYERHLevlj1quW+juunCmCx6oc=
github.com/gtyrin/go-stringutils v0.0.1/go.mod h1:gxuUqRjlJn+5wFkBfGt9NwOjAKBGS8P2N3lQDEwXvkU=
github.com/gtyrin/go-world v0.0.1 h1:tTl6i3o3oMtLm08doYWwQW0BrhKmJ1qaeMqCKjC/OG8=
github.com/gtyrin/go-world v0.0.1/go.mod h1:dYm5bHV0QLRq6GUMkNuesgq03VjwZ3eldWZImWI9ZB8=
github.com/pmezard/go-difflib v1.0.0 h1:4DBwDE0NGyQoBHbLQYPwSUPoCMWR5BEzIk/f1lZbAQM=
github.com/pmezard/go-difflib v1.0.0/go.mod h1:iKH77koFhYxTK1pcRnkKkqfTogsbg7gZNVY4sRDYZ/4=
github.com/sirupsen/logrus v1.8.1 h1:dJKuHgqk1NNQlqoA6BTlM1Wf9DOH3NBjQyu0h9+AZZE=
github.com/sirupsen/logrus v1.8.1/go.mod h1:yWOB1SBYBC5VeMP7gHvWumXLIWorT60ONWic61uBYv0=
github.com/streadway/amqp v1.0.0 h1:kuuDrUJFZL1QYL9hUNuCxNObNzB0bV/ZG5jV3RWAQgo=
github.com/streadway/amqp v1.0.0/go.mod h1:AZpEONHx3DKn8O/DFsRAY58/XVQiIPMTMB1SddzLXVw=
github.com/stretchr/testify v1.2.2 h1:bSDNvY7ZPG5RlJ8otE/7V6gMiyenm9RtJ7IUVIAoJ1w=
github.com/stretchr/testify v1.2.2/go.mod h1:a8OnRcib4nhh0OaRAV+Yts87kKdq0PP7pXfy6kDkUVs=
golang.org/x/sys v0.0.0-20191026070338-33540a1f6037 h1:YyJpGZS1sBuBCzLAR1VEpK193GlqGZbnPFnPV/5Rsb4=
golang.org/x/sys v0.0.0-20191026070338-33540a1f6037/go.mod h1:h1NjWce9XRLGQEsW7wpKNCjG9DtNlClVuFLEZdDNbEs=
gopkg.in/check.v1 v0.0.0-20161208181325-20d25e280405 h1:yhCVgyC4o1eVCa2tZl7eS0r+SDo693bJlVdllGtEeKM=
gopkg.in/check.v1 v0.0.0-20161208181325-20d25e280405/go.mod h1:Co6ibVJAznAaIkqp8huTwlJQCZ016jof/cbN4VW5Yz0=
gopkg.in/yaml.v3 v3.0.0-20210107192922-496545a6307b h1:h8qDotaEPuJATrMmW04NCwg7v22aHH28wwpauUhK9Oo=
gopkg.in/yaml.v3 v3.0.0-20210107192922-496545a6307b/go.mod h1:K4uyk7z7BCEPqu6E+C64Yfv1cQ7kz7rIZviUmN+EgEM=
