github.com/davecgh/go-spew v1.1.0/go.mod h1:J7Y8YcW2NihsgmVo/mv3lAwl/skON4iLHjSsI+c5H38=
github.com/davecgh/go-spew v1.1.1 h1:vj9j/u1bqnvCEfJOwUhtlOARqs3+rkHYY13jYWTU97c=
github.com/davecgh/go-spew v1.1.1/go.mod h1:J7Y8YcW2NihsgmVo/mv3lAwl/skON4iLHjSsI+c5H38=
github.com/gofrs/uuid v4.0.0+incompatible h1:1SD/1F5pU8p29ybwgQSwpQk+mwdRrXCYuPhW6m+TnJw=
github.com/gofrs/uuid v4.0.0+incompatible/go.mod h1:b2aQJv3Z4Fp6yNu3cdSllBxTCLRxnplIgP/c0N/04lM=
github.com/pmezard/go-difflib v1.0.0 h1:4DBwDE0NGyQoBHbLQYPwSUPoCMWR5BEzIk/f1lZbAQM=
github.com/pmezard/go-difflib v1.0.0/go.mod h1:iKH77koFhYxTK1pcRnkKkqfTogsbg7gZNVY4sRDYZ/4=
github.com/sirupsen/logrus v1.8.1 h1:dJKuHgqk1NNQlqoA6BTlM1Wf9DOH3NBjQyu0h9+AZZE=
github.com/sirupsen/logrus v1.8.1/go.mod h1:yWOB1SBYBC5VeMP7gHvWumXLIWorT60ONWic61uBYv0=
github.com/streadway/amqp v1.0.0 h1:kuuDrUJFZL1QYL9hUNuCxNObNzB0bV/ZG5jV3RWAQgo=
github.com/streadway/amqp v1.0.0/go.mod h1:AZpEONHx3DKn8O/DFsRAY58/XVQiIPMTMB1SddzLXVw=
github.com/stretchr/objx v0.1.0 h1:4G4v2dO3VZwixGIRoQ5Lfboy6nUhCyYzaqnIAPPhYs4=
github.com/stretchr/objx v0.1.0/go.mod h1:HFkY916IF+rwdDfMAkV7OtwuqBVzrE8GR6GFx+wExME=
github.com/stretchr/testify v1.2.2/go.mod h1:a8OnRcib4nhh0OaRAV+Yts87kKdq0PP7pXfy6kDkUVs=
github.com/stretchr/testify v1.7.0 h1:nwc3DEeHmmLAfoZucVR881uASk0Mfjw8xYJ99tb5CcY=
github.com/stretchr/testify v1.7.0/go.mod h1:6Fq8oRcR53rry900zMqJjRRixrwX3KX962/h/Wwjteg=
github.com/ytsiuryn/ds-audiomd v0.1.7 h1:8XCwF0IhUmn9nQHYcuAKYRM49K4h0jXZmA5S2gpkmmg=
github.com/ytsiuryn/ds-audiomd v0.1.7/go.mod h1:MVhMw/IHJIjYJFPTK5GLspxLkaf2UMX7WfcE0yzBOGU=
github.com/ytsiuryn/ds-audiomd v0.1.9 h1:lIvKekXoODBFJfCnWPgkZVwjOaSAMyzLE5rNmZDQ6YQ=
github.com/ytsiuryn/ds-audiomd v0.1.9/go.mod h1:MVhMw/IHJIjYJFPTK5GLspxLkaf2UMX7WfcE0yzBOGU=
github.com/ytsiuryn/ds-audiomd v0.2.0 h1:anw5ANK38NH0Wei/Yk5e8fblgzylcCIKPvDD8mxXqZo=
github.com/ytsiuryn/ds-audiomd v0.2.0/go.mod h1:MVhMw/IHJIjYJFPTK5GLspxLkaf2UMX7WfcE0yzBOGU=
github.com/ytsiuryn/ds-audiomd v0.2.2 h1:3sGADo5oJtWqFny6JKviVKg92EJhgzXmxqqUB5Gskm0=
github.com/ytsiuryn/ds-audiomd v0.2.2/go.mod h1:MVhMw/IHJIjYJFPTK5GLspxLkaf2UMX7WfcE0yzBOGU=
github.com/ytsiuryn/ds-audiomd v0.2.6 h1:LUS9e4yUlndGhhkQ4Zdypl00HHNbNUW33cFJ1bT5A7U=
github.com/ytsiuryn/ds-audiomd v0.2.6/go.mod h1:MVhMw/IHJIjYJFPTK5GLspxLkaf2UMX7WfcE0yzBOGU=
github.com/ytsiuryn/ds-audiomd v0.2.7 h1:pHwMo8Yl84edl8+7rKCsc/X2lESZUt8FezeTFFWJgVQ=
github.com/ytsiuryn/ds-audiomd v0.2.7/go.mod h1:MVhMw/IHJIjYJFPTK5GLspxLkaf2UMX7WfcE0yzBOGU=
github.com/ytsiuryn/ds-audiomd v0.3.0 h1:fzoYdDKyWW5aExBH44tHKJmHP9XXUJMltO0FoJcO04c=
github.com/ytsiuryn/ds-audiomd v0.3.0/go.mod h1:MVhMw/IHJIjYJFPTK5GLspxLkaf2UMX7WfcE0yzBOGU=
github.com/ytsiuryn/ds-microservice v0.7.3 h1:2x/e7p3rM+L0GfgqqEy3bpSXHqWNwXkxMSNSKgIUEww=
github.com/ytsiuryn/ds-microservice v0.7.3/go.mod h1:xJCBFlFRPe9PXFfs7hVePrfXMp3tfUw70OUDBu15Y3I=
github.com/ytsiuryn/ds-microservice v0.7.4 h1:+UyJ5NDqWh1xZjLVDRk1pQuGi4yEWThf4FTYcMu7nMs=
github.com/ytsiuryn/ds-microservice v0.7.4/go.mod h1:xJCBFlFRPe9PXFfs7hVePrfXMp3tfUw70OUDBu15Y3I=
github.com/ytsiuryn/ds-microservice v0.7.6 h1:B1Yp6tD0g585J0uSrp2DMkZmpV99VGJZgOURfgCO/HY=
github.com/ytsiuryn/ds-microservice v0.7.6/go.mod h1:rlQik/5GuhdSWCZMgn8+XfQ0Td3ee0GWFT8qifKTPyk=
github.com/ytsiuryn/ds-microservice v0.8.1 h1:fl4aJ+IaWK9KMLsE4a83ncsjZtRHoTrVJTXC/UM53nQ=
github.com/ytsiuryn/ds-microservice v0.8.1/go.mod h1:WUMWVggqePYM8NyPpM8omHSMlSGorZ9GNaQtL7A4uqM=
github.com/ytsiuryn/go-collection v0.0.2 h1:/i09VVKL4HJPu+VEdmdIQaYX36Fxm+ltvNVdhlEyjEo=
github.com/ytsiuryn/go-collection v0.0.2/go.mod h1:nPgGjU7QxWPoHjd88rJT51/SKHJzJFVHbCNFr3XxY7w=
github.com/ytsiuryn/go-intutils v0.0.2 h1:r2nV3r6TnhGrezcvtfryNkN6mUpAfRo99hvbhwBKo90=
github.com/ytsiuryn/go-intutils v0.0.2/go.mod h1:mvoxfjDlT6Kgw0PWIOjjfeJnYWkh2uLYLHwYjRTImpk=
github.com/ytsiuryn/go-stringutils v0.0.3/go.mod h1:zF2PaXyo3nQnMpleDZXYN762uHJuBUobzYO4CZc3rOU=
github.com/ytsiuryn/go-stringutils v0.0.4 h1:oq2U4dpxVO8mF3vXxTQJGqhCAabp+u+djwOn2zQhZfk=
github.com/ytsiuryn/go-stringutils v0.0.4/go.mod h1:zF2PaXyo3nQnMpleDZXYN762uHJuBUobzYO4CZc3rOU=
github.com/ytsiuryn/go-world v0.0.2 h1:9lFzOkaRnfP3uiSKp/Y56K3L5SkX+Zf/B8CbnBGQ7wU=
github.com/ytsiuryn/go-world v0.0.2/go.mod h1:tAb2/7a8OjFVmycmd7HaJ/BNDIN8K7g/K2EmhmL6joI=
golang.org/x/sys v0.0.0-20191026070338-33540a1f6037 h1:YyJpGZS1sBuBCzLAR1VEpK193GlqGZbnPFnPV/5Rsb4=
golang.org/x/sys v0.0.0-20191026070338-33540a1f6037/go.mod h1:h1NjWce9XRLGQEsW7wpKNCjG9DtNlClVuFLEZdDNbEs=
golang.org/x/sys v0.0.0-20210630005230-0f9fa26af87c h1:F1jZWGFhYfh0Ci55sIpILtKKK8p3i2/krTr0H1rg74I=
golang.org/x/sys v0.0.0-20210630005230-0f9fa26af87c/go.mod h1:oPkhp1MJrh7nUepCBck5+mAzfO9JrbApNNgaTdGDITg=
golang.org/x/sys v0.0.0-20210816183151-1e6c022a8912 h1:uCLL3g5wH2xjxVREVuAbP9JM5PPKjRbXKRa6IBjkzmU=
golang.org/x/sys v0.0.0-20210816183151-1e6c022a8912/go.mod h1:oPkhp1MJrh7nUepCBck5+mAzfO9JrbApNNgaTdGDITg=
golang.org/x/text v0.3.6/go.mod h1:5Zoc/QRtKVWzQhOtBMvqHzDpF6irO9z98xDceosuGiQ=
golang.org/x/tools v0.0.0-20180917221912-90fa682c2a6e/go.mod h1:n7NCudcB/nEzxVGmLbDWY5pfWTLqBcC2KZ6jyYvM4mQ=
gopkg.in/check.v1 v0.0.0-20161208181325-20d25e280405 h1:yhCVgyC4o1eVCa2tZl7eS0r+SDo693bJlVdllGtEeKM=
gopkg.in/check.v1 v0.0.0-20161208181325-20d25e280405/go.mod h1:Co6ibVJAznAaIkqp8huTwlJQCZ016jof/cbN4VW5Yz0=
gopkg.in/yaml.v3 v3.0.0-20200313102051-9f266ea9e77c h1:dUUwHk2QECo/6vqA44rthZ8ie2QXMNeKRTHCNY2nXvo=
gopkg.in/yaml.v3 v3.0.0-20200313102051-9f266ea9e77c/go.mod h1:K4uyk7z7BCEPqu6E+C64Yfv1cQ7kz7rIZviUmN+EgEM=
