github.com/davecgh/go-spew v1.1.1 h1:vj9j/u1bqnvCEfJOwUhtlOARqs3+rkHYY13jYWTU97c=
github.com/davecgh/go-spew v1.1.1/go.mod h1:J7Y8YcW2NihsgmVo/mv3lAwl/skON4iLHjSsI+c5H38=
github.com/gofrs/uuid v4.0.0+incompatible h1:1SD/1F5pU8p29ybwgQSwpQk+mwdRrXCYuPhW6m+TnJw=
github.com/gofrs/uuid v4.0.0+incompatible/go.mod h1:b2aQJv3Z4Fp6yNu3cdSllBxTCLRxnplIgP/c0N/04lM=
github.com/pmezard/go-difflib v1.0.0 h1:4DBwDE0NGyQoBHbLQYPwSUPoCMWR5BEzIk/f1lZbAQM=
github.com/pmezard/go-difflib v1.0.0/go.mod h1:iKH77koFhYxTK1pcRnkKkqfTogsbg7gZNVY4sRDYZ/4=
github.com/sirupsen/logrus v1.8.1 h1:dJKuHgqk1NNQlqoA6BTlM1Wf9DOH3NBjQyu0h9+AZZE=
github.com/sirupsen/logrus v1.8.1/go.mod h1:yWOB1SBYBC5VeMP7gHvWumXLIWorT60ONWic61uBYv0=
github.com/streadway/amqp v1.0.0 h1:kuuDrUJFZL1QYL9hUNuCxNObNzB0bV/ZG5jV3RWAQgo=
github.com/streadway/amqp v1.0.0/go.mod h1:AZpEONHx3DKn8O/DFsRAY58/XVQiIPMTMB1SddzLXVw=
github.com/stretchr/testify v1.2.2 h1:bSDNvY7ZPG5RlJ8otE/7V6gMiyenm9RtJ7IUVIAoJ1w=
github.com/stretchr/testify v1.2.2/go.mod h1:a8OnRcib4nhh0OaRAV+Yts87kKdq0PP7pXfy6kDkUVs=
github.com/ytsiuryn/ds-audiomd v0.1.4 h1:uE8bzBfYVoVEX5YqR4sFsZGKK330F3Yji57UuCi6MOk=
github.com/ytsiuryn/ds-audiomd v0.1.4/go.mod h1:m70zOEAqQLc3bo4dVCaWiLbpYe7bjkIP/iD0RbOSKP8=
github.com/ytsiuryn/ds-microservice v0.5.1 h1:OPOpRdl3xI0EB7nhhYfI4CVdRG2VGl1Y5G+DBeHpIf4=
github.com/ytsiuryn/ds-microservice v0.5.1/go.mod h1:dPB7U5CKRz9jAd+Ou3RvjCg7YwepgPV7ZairacqwUKU=
github.com/ytsiuryn/ds-microservice v0.5.2 h1:VRB+NJuD6hF60Z0zqr+Bl79+Ra2DHq4SuL4Q9REsgNQ=
github.com/ytsiuryn/ds-microservice v0.5.2/go.mod h1:dPB7U5CKRz9jAd+Ou3RvjCg7YwepgPV7ZairacqwUKU=
github.com/ytsiuryn/ds-microservice v0.5.3 h1:25cTAP24cvifWqrad9D6Rke40e2VdUheIiamFfQ5BeQ=
github.com/ytsiuryn/ds-microservice v0.5.3/go.mod h1:dPB7U5CKRz9jAd+Ou3RvjCg7YwepgPV7ZairacqwUKU=
github.com/ytsiuryn/ds-microservice v0.6.0 h1:zMxFZRF1zaeDw819eR0N50p6tdxLSBWUYiI0dlC0Nj4=
github.com/ytsiuryn/ds-microservice v0.6.0/go.mod h1:xJCBFlFRPe9PXFfs7hVePrfXMp3tfUw70OUDBu15Y3I=
github.com/ytsiuryn/ds-microservice v0.7.0 h1:mVcZ5HG9gmN+CuDWZVEgcYi8v7mDC0JGV5fh9NP+lTg=
github.com/ytsiuryn/ds-microservice v0.7.0/go.mod h1:xJCBFlFRPe9PXFfs7hVePrfXMp3tfUw70OUDBu15Y3I=
github.com/ytsiuryn/go-collection v0.0.2 h1:/i09VVKL4HJPu+VEdmdIQaYX36Fxm+ltvNVdhlEyjEo=
github.com/ytsiuryn/go-collection v0.0.2/go.mod h1:nPgGjU7QxWPoHjd88rJT51/SKHJzJFVHbCNFr3XxY7w=
github.com/ytsiuryn/go-intutils v0.0.2 h1:r2nV3r6TnhGrezcvtfryNkN6mUpAfRo99hvbhwBKo90=
github.com/ytsiuryn/go-intutils v0.0.2/go.mod h1:mvoxfjDlT6Kgw0PWIOjjfeJnYWkh2uLYLHwYjRTImpk=
github.com/ytsiuryn/go-stringutils v0.0.3/go.mod h1:zF2PaXyo3nQnMpleDZXYN762uHJuBUobzYO4CZc3rOU=
github.com/ytsiuryn/go-stringutils v0.0.4 h1:oq2U4dpxVO8mF3vXxTQJGqhCAabp+u+djwOn2zQhZfk=
github.com/ytsiuryn/go-stringutils v0.0.4/go.mod h1:zF2PaXyo3nQnMpleDZXYN762uHJuBUobzYO4CZc3rOU=
github.com/ytsiuryn/go-world v0.0.2 h1:9lFzOkaRnfP3uiSKp/Y56K3L5SkX+Zf/B8CbnBGQ7wU=
github.com/ytsiuryn/go-world v0.0.2/go.mod h1:tAb2/7a8OjFVmycmd7HaJ/BNDIN8K7g/K2EmhmL6joI=
golang.org/x/sys v0.0.0-20191026070338-33540a1f6037 h1:YyJpGZS1sBuBCzLAR1VEpK193GlqGZbnPFnPV/5Rsb4=
golang.org/x/sys v0.0.0-20191026070338-33540a1f6037/go.mod h1:h1NjWce9XRLGQEsW7wpKNCjG9DtNlClVuFLEZdDNbEs=
golang.org/x/text v0.3.6/go.mod h1:5Zoc/QRtKVWzQhOtBMvqHzDpF6irO9z98xDceosuGiQ=
golang.org/x/tools v0.0.0-20180917221912-90fa682c2a6e/go.mod h1:n7NCudcB/nEzxVGmLbDWY5pfWTLqBcC2KZ6jyYvM4mQ=
